
Microsoft Visual Studio Solution File, Format Version 12.00
# Visual Studio 15
VisualStudioVersion = 15.0.26403.0
MinimumVisualStudioVersion = 10.0.40219.1
Project("{FAE04EC0-301F-11D3-BF4B-00C04F79EFBC}") = "01. Exercises", "01. Exercises\01. Exercises.csproj", "{B7FE5429-A10A-418F-BAF9-FE2D2D300DE7}"
EndProject
Project("{FAE04EC0-301F-11D3-BF4B-00C04F79EFBC}") = "02. Optimized Banking System", "02. Optimized Banking System\02. Optimized Banking System.csproj", "{3EB89ACB-B10A-42C2-8676-8D400EB0B9F7}"
EndProject
Project("{FAE04EC0-301F-11D3-BF4B-00C04F79EFBC}") = "03. Animals", "03. Animals\03. Animals.csproj", "{6DF77A91-1521-484E-92E5-04D13474CEC5}"
EndProject
Project("{FAE04EC0-301F-11D3-BF4B-00C04F79EFBC}") = "04. Websites", "04. Websites\04. Websites.csproj", "{0D1B1845-00A3-41E1-9BAE-B8A5D4AAB994}"
EndProject
Global
	GlobalSection(SolutionConfigurationPlatforms) = preSolution
		Debug|Any CPU = Debug|Any CPU
		Release|Any CPU = Release|Any CPU
	EndGlobalSection
	GlobalSection(ProjectConfigurationPlatforms) = postSolution
		{B7FE5429-A10A-418F-BAF9-FE2D2D300DE7}.Debug|Any CPU.ActiveCfg = Debug|Any CPU
		{B7FE5429-A10A-418F-BAF9-FE2D2D300DE7}.Debug|Any CPU.Build.0 = Debug|Any CPU
		{B7FE5429-A10A-418F-BAF9-FE2D2D300DE7}.Release|Any CPU.ActiveCfg = Release|Any CPU
		{B7FE5429-A10A-418F-BAF9-FE2D2D300DE7}.Release|Any CPU.Build.0 = Release|Any CPU
		{3EB89ACB-B10A-42C2-8676-8D400EB0B9F7}.Debug|Any CPU.ActiveCfg = Debug|Any CPU
		{3EB89ACB-B10A-42C2-8676-8D400EB0B9F7}.Debug|Any CPU.Build.0 = Debug|Any CPU
		{3EB89ACB-B10A-42C2-8676-8D400EB0B9F7}.Release|Any CPU.ActiveCfg = Release|Any CPU
		{3EB89ACB-B10A-42C2-8676-8D400EB0B9F7}.Release|Any CPU.Build.0 = Release|Any CPU
		{6DF77A91-1521-484E-92E5-04D13474CEC5}.Debug|Any CPU.ActiveCfg = Debug|Any CPU
		{6DF77A91-1521-484E-92E5-04D13474CEC5}.Debug|Any CPU.Build.0 = Debug|Any CPU
		{6DF77A91-1521-484E-92E5-04D13474CEC5}.Release|Any CPU.ActiveCfg = Release|Any CPU
		{6DF77A91-1521-484E-92E5-04D13474CEC5}.Release|Any CPU.Build.0 = Release|Any CPU
		{0D1B1845-00A3-41E1-9BAE-B8A5D4AAB994}.Debug|Any CPU.ActiveCfg = Debug|Any CPU
		{0D1B1845-00A3-41E1-9BAE-B8A5D4AAB994}.Debug|Any CPU.Build.0 = Debug|Any CPU
		{0D1B1845-00A3-41E1-9BAE-B8A5D4AAB994}.Release|Any CPU.ActiveCfg = Release|Any CPU
		{0D1B1845-00A3-41E1-9BAE-B8A5D4AAB994}.Release|Any CPU.Build.0 = Release|Any CPU
	EndGlobalSection
	GlobalSection(SolutionProperties) = preSolution
		HideSolutionNode = FALSE
	EndGlobalSection
EndGlobal
